
Microsoft Visual Studio Solution File, Format Version 12.00
# Visual Studio Version 17
VisualStudioVersion = 17.0.32014.148
MinimumVisualStudioVersion = 10.0.40219.1
Project("{9A19103F-16F7-4668-BE54-9A1E7A4F7556}") = "PropertyManagementSystem", "PropertyManagementSystem\PropertyManagementSystem.csproj", "{323E8E58-D965-463D-B00A-0C24B5083499}"
EndProject
Project("{9A19103F-16F7-4668-BE54-9A1E7A4F7556}") = "Tests", "Tests\Tests.csproj", "{1FC04CA4-91C1-4C2A-90B2-325E749C7553}"
EndProject
Global
	GlobalSection(SolutionConfigurationPlatforms) = preSolution
		Debug|Any CPU = Debug|Any CPU
		Release|Any CPU = Release|Any CPU
	EndGlobalSection
	GlobalSection(ProjectConfigurationPlatforms) = postSolution
		{323E8E58-D965-463D-B00A-0C24B5083499}.Debug|Any CPU.ActiveCfg = Debug|Any CPU
		{323E8E58-D965-463D-B00A-0C24B5083499}.Debug|Any CPU.Build.0 = Debug|Any CPU
		{323E8E58-D965-463D-B00A-0C24B5083499}.Release|Any CPU.ActiveCfg = Release|Any CPU
		{323E8E58-D965-463D-B00A-0C24B5083499}.Release|Any CPU.Build.0 = Release|Any CPU
		{1FC04CA4-91C1-4C2A-90B2-325E749C7553}.Debug|Any CPU.ActiveCfg = Debug|Any CPU
		{1FC04CA4-91C1-4C2A-90B2-325E749C7553}.Debug|Any CPU.Build.0 = Debug|Any CPU
		{1FC04CA4-91C1-4C2A-90B2-325E749C7553}.Release|Any CPU.ActiveCfg = Release|Any CPU
		{1FC04CA4-91C1-4C2A-90B2-325E749C7553}.Release|Any CPU.Build.0 = Release|Any CPU
	EndGlobalSection
	GlobalSection(SolutionProperties) = preSolution
		HideSolutionNode = FALSE
	EndGlobalSection
	GlobalSection(ExtensibilityGlobals) = postSolution
		SolutionGuid = {B17925FC-304E-4806-8908-0AC1605EEC98}
	EndGlobalSection
EndGlobal
